
Microsoft Visual Studio Solution File, Format Version 12.00
# Visual Studio Version 17
VisualStudioVersion = 17.13.35931.197
MinimumVisualStudioVersion = 10.0.40219.1
Project("{8BC9CEB8-8B4A-11D0-8D11-00A0C91BC942}") = "NestEngine", "NestEngine\NestEngine.vcxproj", "{B67CEE1F-DA53-4C23-BDA5-ECC3F57B412D}"
EndProject
Project("{8BC9CEB8-8B4A-11D0-8D11-00A0C91BC942}") = "TheTower", "TheTower\TheTower.vcxproj", "{88483471-384D-4D60-84D7-4B17431E1AAE}"
	ProjectSection(ProjectDependencies) = postProject
		{B67CEE1F-DA53-4C23-BDA5-ECC3F57B412D} = {B67CEE1F-DA53-4C23-BDA5-ECC3F57B412D}
	EndProjectSection
EndProject
Global
	GlobalSection(SolutionConfigurationPlatforms) = preSolution
		Debug|x64 = Debug|x64
		Debug|x86 = Debug|x86
		Release|x64 = Release|x64
		Release|x86 = Release|x86
	EndGlobalSection
	GlobalSection(ProjectConfigurationPlatforms) = postSolution
		{B67CEE1F-DA53-4C23-BDA5-ECC3F57B412D}.Debug|x64.ActiveCfg = Debug|x64
		{B67CEE1F-DA53-4C23-BDA5-ECC3F57B412D}.Debug|x64.Build.0 = Debug|x64
		{B67CEE1F-DA53-4C23-BDA5-ECC3F57B412D}.Debug|x86.ActiveCfg = Debug|Win32
		{B67CEE1F-DA53-4C23-BDA5-ECC3F57B412D}.Debug|x86.Build.0 = Debug|Win32
		{B67CEE1F-DA53-4C23-BDA5-ECC3F57B412D}.Release|x64.ActiveCfg = Release|x64
		{B67CEE1F-DA53-4C23-BDA5-ECC3F57B412D}.Release|x64.Build.0 = Release|x64
		{B67CEE1F-DA53-4C23-BDA5-ECC3F57B412D}.Release|x86.ActiveCfg = Release|Win32
		{B67CEE1F-DA53-4C23-BDA5-ECC3F57B412D}.Release|x86.Build.0 = Release|Win32
		{88483471-384D-4D60-84D7-4B17431E1AAE}.Debug|x64.ActiveCfg = Debug|x64
		{88483471-384D-4D60-84D7-4B17431E1AAE}.Debug|x64.Build.0 = Debug|x64
		{88483471-384D-4D60-84D7-4B17431E1AAE}.Debug|x86.ActiveCfg = Debug|Win32
		{88483471-384D-4D60-84D7-4B17431E1AAE}.Debug|x86.Build.0 = Debug|Win32
		{88483471-384D-4D60-84D7-4B17431E1AAE}.Release|x64.ActiveCfg = Release|x64
		{88483471-384D-4D60-84D7-4B17431E1AAE}.Release|x64.Build.0 = Release|x64
		{88483471-384D-4D60-84D7-4B17431E1AAE}.Release|x86.ActiveCfg = Release|Win32
		{88483471-384D-4D60-84D7-4B17431E1AAE}.Release|x86.Build.0 = Release|Win32
	EndGlobalSection
	GlobalSection(SolutionProperties) = preSolution
		HideSolutionNode = FALSE
	EndGlobalSection
	GlobalSection(ExtensibilityGlobals) = postSolution
		SolutionGuid = {47C9D3CC-8A89-4F85-AAF4-11DECDC6F745}
	EndGlobalSection
EndGlobal
